dependencies:
- name: common
  repository: https://charts.bitnami.com/bitnami
  version: 2.26.0
- name: reloader
  repository: https://stakater.github.io/stakater-charts
  version: 1.0.36
digest: sha256:c549cf399e575d3f99ee295939496339f9ab9d40fe240f69ee7efd74aa06a40d
generated: "2024-10-14T10:40:33.199522194Z"
