dependencies:
- name: common
  repository: https://charts.bitnami.com/bitnami
  version: 2.12.0
- name: reloader
  repository: https://stakater.github.io/stakater-charts
  version: 1.0.36
digest: sha256:28ce404e1d318fb7a3c9700ff72bfad3d6366490484e5af0b7f2eae94b4c443d
generated: "2023-09-22T12:11:23.633989447Z"
